lockfileVersion: '9.0'

settings:
  autoInstallPeers: true
  excludeLinksFromLockfile: false

importers:

  .: {}

  packages/backend:
    dependencies:
      '@app/utils':
        specifier: workspace:*
        version: link:../utils
      slash:
        specifier: 3.0.0
        version: 3.0.0

  packages/comic-viewer:
    dependencies:
      slash:
        specifier: 4.0.0
        version: 4.0.0

  packages/frontend:
    dependencies:
      '@app/utils':
        specifier: workspace:*
        version: link:../utils
      '@app/web-viewer':
        specifier: workspace:*
        version: link:../web-viewer
      slash:
        specifier: 5.0.0
        version: 5.0.0

  packages/utils:
    dependencies:
      slash:
        specifier: ^5.1.0
        version: 5.1.0

  packages/web-viewer:
    dependencies:
      '@app/comic-viewer':
        specifier: workspace:*
        version: link:../comic-viewer
      slash:
        specifier: 4.0.0
        version: 4.0.0

packages:

  slash@3.0.0:
    resolution: {integrity: sha512-g9Q1haeby36OSStwb4ntCGGGaKsaVSjQ68fBxoQcutl5fS1vuY18H3wSt3jFyFtrkx+Kz0V1G85A4MyAdDMi2Q==}
    engines: {node: '>=8'}

  slash@4.0.0:
    resolution: {integrity: sha512-3dOsAHXXUkQTpOYcoAxLIorMTp4gIQr5IW3iVb7A7lFIp0VHhnynm9izx6TssdrIcVIESAlVjtnO2K8bg+Coew==}
    engines: {node: '>=12'}

  slash@5.0.0:
    resolution: {integrity: sha512-n6KkmvKS0623igEVj3FF0OZs1gYYJ0o0Hj939yc1fyxl2xt+xYpLnzJB6xBSqOfV9ZFLEWodBBN/heZJahuIJQ==}
    engines: {node: '>=14.16'}

  slash@5.1.0:
    resolution: {integrity: sha512-ZA6oR3T/pEyuqwMgAKT0/hAv8oAXckzbkmR0UkUosQ+Mc4RxGoJkRmwHgHufaenlyAgE1Mxgpdcrf75y6XcnDg==}
    engines: {node: '>=14.16'}

snapshots:

  slash@3.0.0: {}

  slash@4.0.0: {}

  slash@5.0.0: {}

  slash@5.1.0: {}
