# This file is generated by running "yarn install" inside your project.
# Manual changes might be lost - proceed with caution!

__metadata:
  version: 4
  cacheKey: 7

"@app/backend@workspace:packages/backend":
  version: 0.0.0-use.local
  resolution: "@app/backend@workspace:packages/backend"
  dependencies:
    "@app/utils": ^1.0.0
    slash: 3.0.0
  languageName: unknown
  linkType: soft

"@app/comic-viewer@^1.0.0, @app/comic-viewer@workspace:packages/comic-viewer":
  version: 0.0.0-use.local
  resolution: "@app/comic-viewer@workspace:packages/comic-viewer"
  dependencies:
    slash: 4.0.0
  languageName: unknown
  linkType: soft

"@app/frontend@workspace:packages/frontend":
  version: 0.0.0-use.local
  resolution: "@app/frontend@workspace:packages/frontend"
  dependencies:
    "@app/utils": ^1.0.0
    "@app/web-viewer": ^1.0.0
    slash: 5.0.0
  languageName: unknown
  linkType: soft

"@app/utils@^1.0.0, @app/utils@workspace:packages/utils":
  version: 0.0.0-use.local
  resolution: "@app/utils@workspace:packages/utils"
  dependencies:
    slash: ^5.1.0
  languageName: unknown
  linkType: soft

"@app/web-viewer@^1.0.0, @app/web-viewer@workspace:packages/web-viewer":
  version: 0.0.0-use.local
  resolution: "@app/web-viewer@workspace:packages/web-viewer"
  dependencies:
    "@app/comic-viewer": ^1.0.0
    slash: 4.0.0
  languageName: unknown
  linkType: soft

"slash@npm:3.0.0":
  version: 3.0.0
  resolution: "slash@npm:3.0.0"
  checksum: fc3e8597d822ee3ba6cd76e9b001cd5be315f9b81c3a03a29bb611c003d1484e3b29a9e7bc020298fa669b585ff7c9268f44513f60c186216eb6af3111a3e838
  languageName: node
  linkType: hard

"slash@npm:4.0.0":
  version: 4.0.0
  resolution: "slash@npm:4.0.0"
  checksum: 714b10473dd5efce5ebaad47c74d69201baf7715fa58e8049d3d2716d9da25a9571bfd3ecc50c3b7f4165948e2d8d5a1aa7faeaeca4891ee71a2fbd408268091
  languageName: node
  linkType: hard

"slash@npm:5.0.0":
  version: 5.0.0
  resolution: "slash@npm:5.0.0"
  checksum: 66a99a35dac893d100fc59177cfb4dbf6f2ce59489ea8d8ffa273ccae28073767b28ba2e051e6b742cd8c26d1043d139128f097ff37d24a288a8031b1aa35f2d
  languageName: node
  linkType: hard

"slash@npm:^5.1.0":
  version: 5.1.0
  resolution: "slash@npm:5.1.0"
  checksum: ea80668a9e1df1d65f46a0f223330f98f0248bcada788ba5b06884e54f37bc11082d3a455ce6bd16ff50986ceb363906c8ab985c235000f1c03a28aa65c1cf5a
  languageName: node
  linkType: hard

"yarnv1@workspace:.":
  version: 0.0.0-use.local
  resolution: "yarnv1@workspace:."
  languageName: unknown
  linkType: soft
