{
  "name": "npm",
  "version": "1.0.0",
  "lockfileVersion": 3,
  "requires": true,
  "packages": {
    "": {
      "name": "npm",
      "version": "1.0.0",
      "license": "ISC",
      "workspaces": [
        "./packages/**/*"
      ]
    },
    "node_modules/@app/backend": {
      "resolved": "packages/backend",
      "link": true
    },
    "node_modules/@app/comic-viewer": {
      "resolved": "packages/comic-viewer",
      "link": true
    },
    "node_modules/@app/frontend": {
      "resolved": "packages/frontend",
      "link": true
    },
    "node_modules/@app/utils": {
      "resolved": "packages/utils",
      "link": true
    },
    "node_modules/@app/web-viewer": {
      "resolved": "packages/web-viewer",
      "link": true
    },
    "node_modules/slash": {
      "version": "3.0.0",
      "resolved": "https://registry.npmjs.org/slash/-/slash-3.0.0.tgz",
      "integrity": "sha512-g9Q1haeby36OSStwb4ntCGGGaKsaVSjQ68fBxoQcutl5fS1vuY18H3wSt3jFyFtrkx+Kz0V1G85A4MyAdDMi2Q==",
      "license": "MIT",
      "engines": {
        "node": ">=8"
      }
    },
    "packages/backend": {
      "name": "@app/backend",
      "version": "1.0.0",
      "license": "ISC",
      "dependencies": {
        "@app/utils": "^1.0.0",
        "slash": "3.0.0"
      }
    },
    "packages/comic-viewer": {
      "name": "@app/comic-viewer",
      "version": "1.0.0",
      "license": "ISC",
      "dependencies": {
        "slash": "4.0.0"
      }
    },
    "packages/comic-viewer/node_modules/slash": {
      "version": "4.0.0",
      "resolved": "https://registry.npmjs.org/slash/-/slash-4.0.0.tgz",
      "integrity": "sha512-3dOsAHXXUkQTpOYcoAxLIorMTp4gIQr5IW3iVb7A7lFIp0VHhnynm9izx6TssdrIcVIESAlVjtnO2K8bg+Coew==",
      "license": "MIT",
      "engines": {
        "node": ">=12"
      },
      "funding": {
        "url": "https://github.com/sponsors/sindresorhus"
      }
    },
    "packages/frontend": {
      "name": "@app/frontend",
      "version": "1.0.0",
      "license": "ISC",
      "dependencies": {
        "@app/utils": "^1.0.0",
        "@app/web-viewer": "^1.0.0",
        "slash": "5.0.0"
      }
    },
    "packages/frontend/node_modules/slash": {
      "version": "5.0.0",
      "resolved": "https://registry.npmjs.org/slash/-/slash-5.0.0.tgz",
      "integrity": "sha512-n6KkmvKS0623igEVj3FF0OZs1gYYJ0o0Hj939yc1fyxl2xt+xYpLnzJB6xBSqOfV9ZFLEWodBBN/heZJahuIJQ==",
      "license": "MIT",
      "engines": {
        "node": ">=14.16"
      },
      "funding": {
        "url": "https://github.com/sponsors/sindresorhus"
      }
    },
    "packages/utils": {
      "name": "@app/utils",
      "version": "1.0.0",
      "license": "ISC",
      "dependencies": {
        "slash": "^5.1.0"
      }
    },
    "packages/utils/node_modules/slash": {
      "version": "5.1.0",
      "resolved": "https://registry.npmjs.org/slash/-/slash-5.1.0.tgz",
      "integrity": "sha512-ZA6oR3T/pEyuqwMgAKT0/hAv8oAXckzbkmR0UkUosQ+Mc4RxGoJkRmwHgHufaenlyAgE1Mxgpdcrf75y6XcnDg==",
      "license": "MIT",
      "engines": {
        "node": ">=14.16"
      },
      "funding": {
        "url": "https://github.com/sponsors/sindresorhus"
      }
    },
    "packages/web-viewer": {
      "name": "@app/web-viewer",
      "version": "1.0.0",
      "license": "ISC",
      "dependencies": {
        "@app/comic-viewer": "^1.0.0",
        "slash": "4.0.0"
      }
    },
    "packages/web-viewer/node_modules/slash": {
      "version": "4.0.0",
      "resolved": "https://registry.npmjs.org/slash/-/slash-4.0.0.tgz",
      "integrity": "sha512-3dOsAHXXUkQTpOYcoAxLIorMTp4gIQr5IW3iVb7A7lFIp0VHhnynm9izx6TssdrIcVIESAlVjtnO2K8bg+Coew==",
      "license": "MIT",
      "engines": {
        "node": ">=12"
      },
      "funding": {
        "url": "https://github.com/sponsors/sindresorhus"
      }
    }
  }
}
